
Microsoft Visual Studio Solution File, Format Version 12.00
Project("{FAE04EC0-301F-11D3-BF4B-00C04F79EFBC}") = "QuickSoft.InvoiceManagement.WebApi", "QuickSoft.InvoiceManagement.WebApi\QuickSoft.InvoiceManagement.WebApi.csproj", "{27EFDF0C-BEAB-42DE-B9C3-E28AB3761B0C}"
EndProject
Project("{FAE04EC0-301F-11D3-BF4B-00C04F79EFBC}") = "QuickSoft.InvoiceManagement.Domain", "QuickSoft.InvoiceManagement.Domain\QuickSoft.InvoiceManagement.Domain.csproj", "{2AD8E75F-4BB0-4F40-B8F7-A99D926C81BC}"
EndProject
Project("{FAE04EC0-301F-11D3-BF4B-00C04F79EFBC}") = "QuickSoft.InvoiceManagement.Infrastructure", "QuickSoft.InvoiceManagement.Infrastructure\QuickSoft.InvoiceManagement.Infrastructure.csproj", "{C0262816-DD8C-4E6B-8618-AE436DFA6461}"
EndProject
Project("{FAE04EC0-301F-11D3-BF4B-00C04F79EFBC}") = "QuickSoft.InvoiceManagement.Application", "QuickSoft.InvoiceManagement.Application\QuickSoft.InvoiceManagement.Application.csproj", "{57EC04FD-284B-4BB1-AD9B-899E01B12073}"
EndProject
Global
	GlobalSection(SolutionConfigurationPlatforms) = preSolution
		Debug|Any CPU = Debug|Any CPU
		Release|Any CPU = Release|Any CPU
	EndGlobalSection
	GlobalSection(ProjectConfigurationPlatforms) = postSolution
		{27EFDF0C-BEAB-42DE-B9C3-E28AB3761B0C}.Debug|Any CPU.ActiveCfg = Debug|Any CPU
		{27EFDF0C-BEAB-42DE-B9C3-E28AB3761B0C}.Debug|Any CPU.Build.0 = Debug|Any CPU
		{27EFDF0C-BEAB-42DE-B9C3-E28AB3761B0C}.Release|Any CPU.ActiveCfg = Release|Any CPU
		{27EFDF0C-BEAB-42DE-B9C3-E28AB3761B0C}.Release|Any CPU.Build.0 = Release|Any CPU
		{2AD8E75F-4BB0-4F40-B8F7-A99D926C81BC}.Debug|Any CPU.ActiveCfg = Debug|Any CPU
		{2AD8E75F-4BB0-4F40-B8F7-A99D926C81BC}.Debug|Any CPU.Build.0 = Debug|Any CPU
		{2AD8E75F-4BB0-4F40-B8F7-A99D926C81BC}.Release|Any CPU.ActiveCfg = Release|Any CPU
		{2AD8E75F-4BB0-4F40-B8F7-A99D926C81BC}.Release|Any CPU.Build.0 = Release|Any CPU
		{C0262816-DD8C-4E6B-8618-AE436DFA6461}.Debug|Any CPU.ActiveCfg = Debug|Any CPU
		{C0262816-DD8C-4E6B-8618-AE436DFA6461}.Debug|Any CPU.Build.0 = Debug|Any CPU
		{C0262816-DD8C-4E6B-8618-AE436DFA6461}.Release|Any CPU.ActiveCfg = Release|Any CPU
		{C0262816-DD8C-4E6B-8618-AE436DFA6461}.Release|Any CPU.Build.0 = Release|Any CPU
		{57EC04FD-284B-4BB1-AD9B-899E01B12073}.Debug|Any CPU.ActiveCfg = Debug|Any CPU
		{57EC04FD-284B-4BB1-AD9B-899E01B12073}.Debug|Any CPU.Build.0 = Debug|Any CPU
		{57EC04FD-284B-4BB1-AD9B-899E01B12073}.Release|Any CPU.ActiveCfg = Release|Any CPU
		{57EC04FD-284B-4BB1-AD9B-899E01B12073}.Release|Any CPU.Build.0 = Release|Any CPU
	EndGlobalSection
EndGlobal
